
Microsoft Visual Studio Solution File, Format Version 12.00
# Visual Studio Version 16
VisualStudioVersion = 16.0.31729.503
MinimumVisualStudioVersion = 10.0.40219.1
Project("{FAE04EC0-301F-11D3-BF4B-00C04F79EFBC}") = "Digital_sign", "Digital_sign\Digital_sign.csproj", "{67F54302-3764-42A9-8490-320D7992ED10}"
EndProject
Global
	GlobalSection(SolutionConfigurationPlatforms) = preSolution
		Debug|Any CPU = Debug|Any CPU
		Release|Any CPU = Release|Any CPU
	EndGlobalSection
	GlobalSection(ProjectConfigurationPlatforms) = postSolution
		{67F54302-3764-42A9-8490-320D7992ED10}.Debug|Any CPU.ActiveCfg = Debug|Any CPU
		{67F54302-3764-42A9-8490-320D7992ED10}.Debug|Any CPU.Build.0 = Debug|Any CPU
		{67F54302-3764-42A9-8490-320D7992ED10}.Release|Any CPU.ActiveCfg = Release|Any CPU
		{67F54302-3764-42A9-8490-320D7992ED10}.Release|Any CPU.Build.0 = Release|Any CPU
	EndGlobalSection
	GlobalSection(SolutionProperties) = preSolution
		HideSolutionNode = FALSE
	EndGlobalSection
	GlobalSection(ExtensibilityGlobals) = postSolution
		SolutionGuid = {82755783-A02E-452A-9227-F24B77797C33}
	EndGlobalSection
EndGlobal
